
Microsoft Visual Studio Solution File, Format Version 12.00
# Visual Studio 2012
Project("{FAE04EC0-301F-11D3-BF4B-00C04F79EFBC}") = "TEST20160627NullCode1", "TEST20160627NullCode1\TEST20160627NullCode1.csproj", "{47079D9D-C1BC-4889-8643-3A851671C4DF}"
EndProject
Global
	GlobalSection(SolutionConfigurationPlatforms) = preSolution
		Debug|Any CPU = Debug|Any CPU
		Release|Any CPU = Release|Any CPU
	EndGlobalSection
	GlobalSection(ProjectConfigurationPlatforms) = postSolution
		{47079D9D-C1BC-4889-8643-3A851671C4DF}.Debug|Any CPU.ActiveCfg = Debug|Any CPU
		{47079D9D-C1BC-4889-8643-3A851671C4DF}.Debug|Any CPU.Build.0 = Debug|Any CPU
		{47079D9D-C1BC-4889-8643-3A851671C4DF}.Release|Any CPU.ActiveCfg = Release|Any CPU
		{47079D9D-C1BC-4889-8643-3A851671C4DF}.Release|Any CPU.Build.0 = Release|Any CPU
	EndGlobalSection
	GlobalSection(SolutionProperties) = preSolution
		HideSolutionNode = FALSE
	EndGlobalSection
EndGlobal
